{
  "name": "memo",
  "version": "1.0.0",
  "lockfileVersion": 1,
  "requires": true,
  "dependencies": {
    "@babel/runtime": {
      "version": "7.12.5",
      "resolved": "https://registry.npm.taobao.org/@babel/runtime/download/@babel/runtime-7.12.5.tgz?cache=0&sync_timestamp=1604443606981&other_urls=https%3A%2F%2Fregistry.npm.taobao.org%2F%40babel%2Fruntime%2Fdownload%2F%40babel%2Fruntime-7.12.5.tgz",
      "integrity": "sha1-QQ5+SHRB4bNgwpvnFdhw2bmFiC4=",
      "requires": {
        "regenerator-runtime": "^0.13.4"
      }
    },
    "mini-ali-ui": {
      "version": "1.3.1",
      "resolved": "https://registry.npm.taobao.org/mini-ali-ui/download/mini-ali-ui-1.3.1.tgz?cache=0&sync_timestamp=1610423338781&other_urls=https%3A%2F%2Fregistry.npm.taobao.org%2Fmini-ali-ui%2Fdownload%2Fmini-ali-ui-1.3.1.tgz",
      "integrity": "sha1-tSmQJlYzOW7BHYXVswo0dkdC+Js=",
      "requires": {
        "@babel/runtime": "^7.11.2"
      }
    },
    "mini-antui": {
      "version": "0.4.35",
      "resolved": "https://registry.npm.taobao.org/mini-antui/download/mini-antui-0.4.35.tgz",
      "integrity": "sha1-4y2N8cZKxVj4Rx2y5GBzsg3k3Sw="
    },
    "regenerator-runtime": {
      "version": "0.13.7",
      "resolved": "https://registry.npm.taobao.org/regenerator-runtime/download/regenerator-runtime-0.13.7.tgz?cache=0&sync_timestamp=1595456105304&other_urls=https%3A%2F%2Fregistry.npm.taobao.org%2Fregenerator-runtime%2Fdownload%2Fregenerator-runtime-0.13.7.tgz",
      "integrity": "sha1-ysLazIoepnX+qrrriugziYrkb1U="
    }
  }
}
